
Microsoft Visual Studio Solution File, Format Version 12.00
# Visual Studio Version 16
VisualStudioVersion = 16.0.29709.97
MinimumVisualStudioVersion = 10.0.40219.1
Project("{9A19103F-16F7-4668-BE54-9A1E7A4F7556}") = "ComputersStore.WebUI", "ComputersStore\ComputersStore.WebUI.csproj", "{A54C40C9-11BB-4BAF-8F60-2ACDF5D80B34}"
EndProject
Project("{9A19103F-16F7-4668-BE54-9A1E7A4F7556}") = "ComputersStore.Data", "ComputersStore.Core\ComputersStore.Data.csproj", "{D5F74685-8122-448F-96A2-ACF106100A1C}"
EndProject
Project("{9A19103F-16F7-4668-BE54-9A1E7A4F7556}") = "ComputersStore.Models", "ComputersStore.Models\ComputersStore.Models.csproj", "{92A07464-B2F1-4DC5-BC2A-F6BBB96BB082}"
EndProject
Project("{9A19103F-16F7-4668-BE54-9A1E7A4F7556}") = "ComputersStore.Services", "ComputersStore.Services\ComputersStore.Services.csproj", "{724A813B-F52C-4E74-BCD4-017C3AF7B6C6}"
EndProject
Project("{9A19103F-16F7-4668-BE54-9A1E7A4F7556}") = "ComputersStore.BusinessServices", "ComputersStore.BusinessServices\ComputersStore.BusinessServices.csproj", "{2255E9C2-BD7C-4F06-A58F-A6E91603BC07}"
EndProject
Project("{9A19103F-16F7-4668-BE54-9A1E7A4F7556}") = "ComputersStore.Database", "ComputersStore.Database\ComputersStore.Database.csproj", "{51A00CC0-D2DE-496E-8BB5-4D219160C622}"
EndProject
Project("{9A19103F-16F7-4668-BE54-9A1E7A4F7556}") = "ComputersStore.EmailService", "ComputersStore.EmailService\ComputersStore.EmailService.csproj", "{AA9AF63F-7089-4373-83C0-A7A19EBCE54B}"
EndProject
Project("{9A19103F-16F7-4668-BE54-9A1E7A4F7556}") = "ComputersStore.EmailTemplates", "ComputersStore.EmailTemplates\ComputersStore.EmailTemplates.csproj", "{A9CE4972-6240-43B3-AD16-CB64911094A9}"
EndProject
Global
	GlobalSection(SolutionConfigurationPlatforms) = preSolution
		Debug|Any CPU = Debug|Any CPU
		Release|Any CPU = Release|Any CPU
	EndGlobalSection
	GlobalSection(ProjectConfigurationPlatforms) = postSolution
		{A54C40C9-11BB-4BAF-8F60-2ACDF5D80B34}.Debug|Any CPU.ActiveCfg = Debug|Any CPU
		{A54C40C9-11BB-4BAF-8F60-2ACDF5D80B34}.Debug|Any CPU.Build.0 = Debug|Any CPU
		{A54C40C9-11BB-4BAF-8F60-2ACDF5D80B34}.Release|Any CPU.ActiveCfg = Release|Any CPU
		{A54C40C9-11BB-4BAF-8F60-2ACDF5D80B34}.Release|Any CPU.Build.0 = Release|Any CPU
		{D5F74685-8122-448F-96A2-ACF106100A1C}.Debug|Any CPU.ActiveCfg = Debug|Any CPU
		{D5F74685-8122-448F-96A2-ACF106100A1C}.Debug|Any CPU.Build.0 = Debug|Any CPU
		{D5F74685-8122-448F-96A2-ACF106100A1C}.Release|Any CPU.ActiveCfg = Release|Any CPU
		{D5F74685-8122-448F-96A2-ACF106100A1C}.Release|Any CPU.Build.0 = Release|Any CPU
		{92A07464-B2F1-4DC5-BC2A-F6BBB96BB082}.Debug|Any CPU.ActiveCfg = Debug|Any CPU
		{92A07464-B2F1-4DC5-BC2A-F6BBB96BB082}.Debug|Any CPU.Build.0 = Debug|Any CPU
		{92A07464-B2F1-4DC5-BC2A-F6BBB96BB082}.Release|Any CPU.ActiveCfg = Release|Any CPU
		{92A07464-B2F1-4DC5-BC2A-F6BBB96BB082}.Release|Any CPU.Build.0 = Release|Any CPU
		{724A813B-F52C-4E74-BCD4-017C3AF7B6C6}.Debug|Any CPU.ActiveCfg = Debug|Any CPU
		{724A813B-F52C-4E74-BCD4-017C3AF7B6C6}.Debug|Any CPU.Build.0 = Debug|Any CPU
		{724A813B-F52C-4E74-BCD4-017C3AF7B6C6}.Release|Any CPU.ActiveCfg = Release|Any CPU
		{724A813B-F52C-4E74-BCD4-017C3AF7B6C6}.Release|Any CPU.Build.0 = Release|Any CPU
		{2255E9C2-BD7C-4F06-A58F-A6E91603BC07}.Debug|Any CPU.ActiveCfg = Debug|Any CPU
		{2255E9C2-BD7C-4F06-A58F-A6E91603BC07}.Debug|Any CPU.Build.0 = Debug|Any CPU
		{2255E9C2-BD7C-4F06-A58F-A6E91603BC07}.Release|Any CPU.ActiveCfg = Release|Any CPU
		{2255E9C2-BD7C-4F06-A58F-A6E91603BC07}.Release|Any CPU.Build.0 = Release|Any CPU
		{51A00CC0-D2DE-496E-8BB5-4D219160C622}.Debug|Any CPU.ActiveCfg = Debug|Any CPU
		{51A00CC0-D2DE-496E-8BB5-4D219160C622}.Debug|Any CPU.Build.0 = Debug|Any CPU
		{51A00CC0-D2DE-496E-8BB5-4D219160C622}.Release|Any CPU.ActiveCfg = Release|Any CPU
		{51A00CC0-D2DE-496E-8BB5-4D219160C622}.Release|Any CPU.Build.0 = Release|Any CPU
		{AA9AF63F-7089-4373-83C0-A7A19EBCE54B}.Debug|Any CPU.ActiveCfg = Debug|Any CPU
		{AA9AF63F-7089-4373-83C0-A7A19EBCE54B}.Debug|Any CPU.Build.0 = Debug|Any CPU
		{AA9AF63F-7089-4373-83C0-A7A19EBCE54B}.Release|Any CPU.ActiveCfg = Release|Any CPU
		{AA9AF63F-7089-4373-83C0-A7A19EBCE54B}.Release|Any CPU.Build.0 = Release|Any CPU
		{A9CE4972-6240-43B3-AD16-CB64911094A9}.Debug|Any CPU.ActiveCfg = Debug|Any CPU
		{A9CE4972-6240-43B3-AD16-CB64911094A9}.Debug|Any CPU.Build.0 = Debug|Any CPU
		{A9CE4972-6240-43B3-AD16-CB64911094A9}.Release|Any CPU.ActiveCfg = Release|Any CPU
		{A9CE4972-6240-43B3-AD16-CB64911094A9}.Release|Any CPU.Build.0 = Release|Any CPU
	EndGlobalSection
	GlobalSection(SolutionProperties) = preSolution
		HideSolutionNode = FALSE
	EndGlobalSection
	GlobalSection(ExtensibilityGlobals) = postSolution
		SolutionGuid = {1B15A7DA-30E1-437C-974D-5222A0BBE11C}
	EndGlobalSection
EndGlobal
